// !$*UTF8*$!
{
	archiveVersion = 1;
	classes = {
	};
	objectVersion = 50;
	objects = {

/* Begin PBXBuildFile section */
		11167F0524C46EE900EF6607 /* AppDelegate.swift in Sources */ = {isa = PBXBuildFile; fileRef = 11167F0424C46EE900EF6607 /* AppDelegate.swift */; };
		11167F0724C46EE900EF6607 /* SceneDelegate.swift in Sources */ = {isa = PBXBuildFile; fileRef = 11167F0624C46EE900EF6607 /* SceneDelegate.swift */; };
		11167F0924C46EE900EF6607 /* WeatherViewController.swift in Sources */ = {isa = PBXBuildFile; fileRef = 11167F0824C46EE900EF6607 /* WeatherViewController.swift */; };
		11167F0C24C46EE900EF6607 /* Main.storyboard in Resources */ = {isa = PBXBuildFile; fileRef = 11167F0A24C46EE900EF6607 /* Main.storyboard */; };
		11167F0E24C46EE900EF6607 /* Assets.xcassets in Resources */ = {isa = PBXBuildFile; fileRef = 11167F0D24C46EE900EF6607 /* Assets.xcassets */; };
		11167F1124C46EE900EF6607 /* LaunchScreen.storyboard in Resources */ = {isa = PBXBuildFile; fileRef = 11167F0F24C46EE900EF6607 /* LaunchScreen.storyboard */; };
		11167F1A24C46F1A00EF6607 /* WeatherModel.swift in Sources */ = {isa = PBXBuildFile; fileRef = 11167F1924C46F1A00EF6607 /* WeatherModel.swift */; };
		11167F1C24C46F2E00EF6607 /* WeatherManager.swift in Sources */ = {isa = PBXBuildFile; fileRef = 11167F1B24C46F2E00EF6607 /* WeatherManager.swift */; };
		11167F1E24C46F5100EF6607 /* WeatherData.swift in Sources */ = {isa = PBXBuildFile; fileRef = 11167F1D24C46F5100EF6607 /* WeatherData.swift */; };
/* End PBXBuildFile section */

/* Begin PBXFileReference section */
		11167F0124C46EE900EF6607 /* Clima.app */ = {isa = PBXFileReference; explicitFileType = wrapper.application; includeInIndex = 0; path = Clima.app; sourceTree = BUILT_PRODUCTS_DIR; };
		11167F0424C46EE900EF6607 /* AppDelegate.swift */ = {isa = PBXFileReference; lastKnownFileType = sourcecode.swift; path = AppDelegate.swift; sourceTree = "<group>"; };
		11167F0624C46EE900EF6607 /* SceneDelegate.swift */ = {isa = PBXFileReference; lastKnownFileType = sourcecode.swift; path = SceneDelegate.swift; sourceTree = "<group>"; };
		11167F0824C46EE900EF6607 /* WeatherViewController.swift */ = {isa = PBXFileReference; lastKnownFileType = sourcecode.swift; path = WeatherViewController.swift; sourceTree = "<group>"; };
		11167F0B24C46EE900EF6607 /* Base */ = {isa = PBXFileReference; lastKnownFileType = file.storyboard; name = Base; path = Base.lproj/Main.storyboard; sourceTree = "<group>"; };
		11167F0D24C46EE900EF6607 /* Assets.xcassets */ = {isa = PBXFileReference; lastKnownFileType = folder.assetcatalog; path = Assets.xcassets; sourceTree = "<group>"; };
		11167F1024C46EE900EF6607 /* Base */ = {isa = PBXFileReference; lastKnownFileType = file.storyboard; name = Base; path = Base.lproj/LaunchScreen.storyboard; sourceTree = "<group>"; };
		11167F1224C46EE900EF6607 /* Info.plist */ = {isa = PBXFileReference; lastKnownFileType = text.plist.xml; path = Info.plist; sourceTree = "<group>"; };
		11167F1924C46F1A00EF6607 /* WeatherModel.swift */ = {isa = PBXFileReference; lastKnownFileType = sourcecode.swift; path = WeatherModel.swift; sourceTree = "<group>"; };
		11167F1B24C46F2E00EF6607 /* WeatherManager.swift */ = {isa = PBXFileReference; lastKnownFileType = sourcecode.swift; path = WeatherManager.swift; sourceTree = "<group>"; };
		11167F1D24C46F5100EF6607 /* WeatherData.swift */ = {isa = PBXFileReference; lastKnownFileType = sourcecode.swift; path = WeatherData.swift; sourceTree = "<group>"; };
/* End PBXFileReference section */

/* Begin PBXFrameworksBuildPhase section */
		11167EFE24C46EE900EF6607 /* Frameworks */ = {
			isa = PBXFrameworksBuildPhase;
			buildActionMask = 2147483647;
			files = (
			);
			runOnlyForDeploymentPostprocessing = 0;
		};
/* End PBXFrameworksBuildPhase section */

/* Begin PBXGroup section */
		11167EF824C46EE900EF6607 = {
			isa = PBXGroup;
			children = (
				11167F0324C46EE900EF6607 /* Clima */,
				11167F0224C46EE900EF6607 /* Products */,
			);
			sourceTree = "<group>";
		};
		11167F0224C46EE900EF6607 /* Products */ = {
			isa = PBXGroup;
			children = (
				11167F0124C46EE900EF6607 /* Clima.app */,
			);
			name = Products;
			sourceTree = "<group>";
		};
		11167F0324C46EE900EF6607 /* Clima */ = {
			isa = PBXGroup;
			children = (
				11167F0424C46EE900EF6607 /* AppDelegate.swift */,
				11167F0624C46EE900EF6607 /* SceneDelegate.swift */,
				11167F1824C46F0500EF6607 /* Model */,
				11167F2224C4735D00EF6607 /* View */,
				11167F2124C4721500EF6607 /* Controller */,
				11167F0D24C46EE900EF6607 /* Assets.xcassets */,
				11167F0F24C46EE900EF6607 /* LaunchScreen.storyboard */,
				11167F1224C46EE900EF6607 /* Info.plist */,
			);
			path = Clima;
			sourceTree = "<group>";
		};
		11167F1824C46F0500EF6607 /* Model */ = {
			isa = PBXGroup;
			children = (
				11167F1B24C46F2E00EF6607 /* WeatherManager.swift */,
				11167F1D24C46F5100EF6607 /* WeatherData.swift */,
				11167F1924C46F1A00EF6607 /* WeatherModel.swift */,
			);
			path = Model;
			sourceTree = "<group>";
		};
		11167F2124C4721500EF6607 /* Controller */ = {
			isa = PBXGroup;
			children = (
				11167F0824C46EE900EF6607 /* WeatherViewController.swift */,
			);
			path = Controller;
			sourceTree = "<group>";
		};
		11167F2224C4735D00EF6607 /* View */ = {
			isa = PBXGroup;
			children = (
				11167F0A24C46EE900EF6607 /* Main.storyboard */,
			);
			path = View;
			sourceTree = "<group>";
		};
/* End PBXGroup section */

/* Begin PBXNativeTarget section */
		11167F0024C46EE900EF6607 /* Clima */ = {
			isa = PBXNativeTarget;
			buildConfigurationList = 11167F1524C46EE900EF6607 /* Build configuration list for PBXNativeTarget "Clima" */;
			buildPhases = (
				11167EFD24C46EE900EF6607 /* Sources */,
				11167EFE24C46EE900EF6607 /* Frameworks */,
				11167EFF24C46EE900EF6607 /* Resources */,
			);
			buildRules = (
			);
			dependencies = (
			);
			name = Clima;
			productName = Clima;
			productReference = 11167F0124C46EE900EF6607 /* Clima.app */;
			productType = "com.apple.product-type.application";
		};
/* End PBXNativeTarget section */

/* Begin PBXProject section */
		11167EF924C46EE900EF6607 /* Project object */ = {
			isa = PBXProject;
			attributes = {
				LastSwiftUpdateCheck = 1150;
				LastUpgradeCheck = 1150;
				ORGANIZATIONNAME = "Александр Банников";
				TargetAttributes = {
					11167F0024C46EE900EF6607 = {
						CreatedOnToolsVersion = 11.5;
					};
				};
			};
			buildConfigurationList = 11167EFC24C46EE900EF6607 /* Build configuration list for PBXProject "Clima" */;
			compatibilityVersion = "Xcode 9.3";
			developmentRegion = en;
			hasScannedForEncodings = 0;
			knownRegions = (
				en,
				Base,
			);
			mainGroup = 11167EF824C46EE900EF6607;
			productRefGroup = 11167F0224C46EE900EF6607 /* Products */;
			projectDirPath = "";
			projectRoot = "";
			targets = (
				11167F0024C46EE900EF6607 /* Clima */,
			);
		};
/* End PBXProject section */

/* Begin PBXResourcesBuildPhase section */
		11167EFF24C46EE900EF6607 /* Resources */ = {
			isa = PBXResourcesBuildPhase;
			buildActionMask = 2147483647;
			files = (
				11167F1124C46EE900EF6607 /* LaunchScreen.storyboard in Resources */,
				11167F0E24C46EE900EF6607 /* Assets.xcassets in Resources */,
				11167F0C24C46EE900EF6607 /* Main.storyboard in Resources */,
			);
			runOnlyForDeploymentPostprocessing = 0;
		};
/* End PBXResourcesBuildPhase section */

/* Begin PBXSourcesBuildPhase section */
		11167EFD24C46EE900EF6607 /* Sources */ = {
			isa = PBXSourcesBuildPhase;
			buildActionMask = 2147483647;
			files = (
				11167F0924C46EE900EF6607 /* WeatherViewController.swift in Sources */,
				11167F0524C46EE900EF6607 /* AppDelegate.swift in Sources */,
				11167F1C24C46F2E00EF6607 /* WeatherManager.swift in Sources */,
				11167F1A24C46F1A00EF6607 /* WeatherModel.swift in Sources */,
				11167F1E24C46F5100EF6607 /* WeatherData.swift in Sources */,
				11167F0724C46EE900EF6607 /* SceneDelegate.swift in Sources */,
			);
			runOnlyForDeploymentPostprocessing = 0;
		};
/* End PBXSourcesBuildPhase section */

/* Begin PBXVariantGroup section */
		11167F0A24C46EE900EF6607 /* Main.storyboard */ = {
			isa = PBXVariantGroup;
			children = (
				11167F0B24C46EE900EF6607 /* Base */,
			);
			name = Main.storyboard;
			sourceTree = "<group>";
		};
		11167F0F24C46EE900EF6607 /* LaunchScreen.storyboard */ = {
			isa = PBXVariantGroup;
			children = (
				11167F1024C46EE900EF6607 /* Base */,
			);
			name = LaunchScreen.storyboard;
			sourceTree = "<group>";
		};
/* End PBXVariantGroup section */

/* Begin XCBuildConfiguration section */
		11167F1324C46EE900EF6607 /* Debug */ = {
			isa = XCBuildConfiguration;
			buildSettings = {
				ALWAYS_SEARCH_USER_PATHS = NO;
				CLANG_ANALYZER_NONNULL = YES;
				CLANG_ANALYZER_NUMBER_OBJECT_CONVERSION = YES_AGGRESSIVE;
				CLANG_CXX_LANGUAGE_STANDARD = "gnu++14";
				CLANG_CXX_LIBRARY = "libc++";
				CLANG_ENABLE_MODULES = YES;
				CLANG_ENABLE_OBJC_ARC = YES;
				CLANG_ENABLE_OBJC_WEAK = YES;
				CLANG_WARN_BLOCK_CAPTURE_AUTORELEASING = YES;
				CLANG_WARN_BOOL_CONVERSION = YES;
				CLANG_WARN_COMMA = YES;
				CLANG_WARN_CONSTANT_CONVERSION = YES;
				CLANG_WARN_DEPRECATED_OBJC_IMPLEMENTATIONS = YES;
				CLANG_WARN_DIRECT_OBJC_ISA_USAGE = YES_ERROR;
				CLANG_WARN_DOCUMENTATION_COMMENTS = YES;
				CLANG_WARN_EMPTY_BODY = YES;
				CLANG_WARN_ENUM_CONVERSION = YES;
				CLANG_WARN_INFINITE_RECURSION = YES;
				CLANG_WARN_INT_CONVERSION = YES;
				CLANG_WARN_NON_LITERAL_NULL_CONVERSION = YES;
				CLANG_WARN_OBJC_IMPLICIT_RETAIN_SELF = YES;
				CLANG_WARN_OBJC_LITERAL_CONVERSION = YES;
				CLANG_WARN_OBJC_ROOT_CLASS = YES_ERROR;
				CLANG_WARN_RANGE_LOOP_ANALYSIS = YES;
				CLANG_WARN_STRICT_PROTOTYPES = YES;
				CLANG_WARN_SUSPICIOUS_MOVE = YES;
				CLANG_WARN_UNGUARDED_AVAILABILITY = YES_AGGRESSIVE;
				CLANG_WARN_UNREACHABLE_CODE = YES;
				CLANG_WARN__DUPLICATE_METHOD_MATCH = YES;
				COPY_PHASE_STRIP = NO;
				DEBUG_INFORMATION_FORMAT = dwarf;
				ENABLE_STRICT_OBJC_MSGSEND = YES;
				ENABLE_TESTABILITY = YES;
				GCC_C_LANGUAGE_STANDARD = gnu11;
				GCC_DYNAMIC_NO_PIC = NO;
				GCC_NO_COMMON_BLOCKS = YES;
				GCC_OPTIMIZATION_LEVEL = 0;
				GCC_PREPROCESSOR_DEFINITIONS = (
					"DEBUG=1",
					"$(inherited)",
				);
				GCC_WARN_64_TO_32_BIT_CONVERSION = YES;
				GCC_WARN_ABOUT_RETURN_TYPE = YES_ERROR;
				GCC_WARN_UNDECLARED_SELECTOR = YES;
				GCC_WARN_UNINITIALIZED_AUTOS = YES_AGGRESSIVE;
				GCC_WARN_UNUSED_FUNCTION = YES;
				GCC_WARN_UNUSED_VARIABLE = YES;
				IPHONEOS_DEPLOYMENT_TARGET = 13.5;
				MTL_ENABLE_DEBUG_INFO = INCLUDE_SOURCE;
				MTL_FAST_MATH = YES;
				ONLY_ACTIVE_ARCH = YES;
				SDKROOT = iphoneos;
				SWIFT_ACTIVE_COMPILATION_CONDITIONS = DEBUG;
				SWIFT_OPTIMIZATION_LEVEL = "-Onone";
			};
			name = Debug;
		};
		11167F1424C46EE900EF6607 /* Release */ = {
			isa = XCBuildConfiguration;
			buildSettings = {
				ALWAYS_SEARCH_USER_PATHS = NO;
				CLANG_ANALYZER_NONNULL = YES;
				CLANG_ANALYZER_NUMBER_OBJECT_CONVERSION = YES_AGGRESSIVE;
				CLANG_CXX_LANGUAGE_STANDARD = "gnu++14";
				CLANG_CXX_LIBRARY = "libc++";
				CLANG_ENABLE_MODULES = YES;
				CLANG_ENABLE_OBJC_ARC = YES;
				CLANG_ENABLE_OBJC_WEAK = YES;
				CLANG_WARN_BLOCK_CAPTURE_AUTORELEASING = YES;
				CLANG_WARN_BOOL_CONVERSION = YES;
				CLANG_WARN_COMMA = YES;
				CLANG_WARN_CONSTANT_CONVERSION = YES;
				CLANG_WARN_DEPRECATED_OBJC_IMPLEMENTATIONS = YES;
				CLANG_WARN_DIRECT_OBJC_ISA_USAGE = YES_ERROR;
				CLANG_WARN_DOCUMENTATION_COMMENTS = YES;
				CLANG_WARN_EMPTY_BODY = YES;
				CLANG_WARN_ENUM_CONVERSION = YES;
				CLANG_WARN_INFINITE_RECURSION = YES;
				CLANG_WARN_INT_CONVERSION = YES;
				CLANG_WARN_NON_LITERAL_NULL_CONVERSION = YES;
				CLANG_WARN_OBJC_IMPLICIT_RETAIN_SELF = YES;
				CLANG_WARN_OBJC_LITERAL_CONVERSION = YES;
				CLANG_WARN_OBJC_ROOT_CLASS = YES_ERROR;
				CLANG_WARN_RANGE_LOOP_ANALYSIS = YES;
				CLANG_WARN_STRICT_PROTOTYPES = YES;
				CLANG_WARN_SUSPICIOUS_MOVE = YES;
				CLANG_WARN_UNGUARDED_AVAILABILITY = YES_AGGRESSIVE;
				CLANG_WARN_UNREACHABLE_CODE = YES;
				CLANG_WARN__DUPLICATE_METHOD_MATCH = YES;
				COPY_PHASE_STRIP = NO;
				DEBUG_INFORMATION_FORMAT = "dwarf-with-dsym";
				ENABLE_NS_ASSERTIONS = NO;
				ENABLE_STRICT_OBJC_MSGSEND = YES;
				GCC_C_LANGUAGE_STANDARD = gnu11;
				GCC_NO_COMMON_BLOCKS = YES;
				GCC_WARN_64_TO_32_BIT_CONVERSION = YES;
				GCC_WARN_ABOUT_RETURN_TYPE = YES_ERROR;
				GCC_WARN_UNDECLARED_SELECTOR = YES;
				GCC_WARN_UNINITIALIZED_AUTOS = YES_AGGRESSIVE;
				GCC_WARN_UNUSED_FUNCTION = YES;
				GCC_WARN_UNUSED_VARIABLE = YES;
				IPHONEOS_DEPLOYMENT_TARGET = 13.5;
				MTL_ENABLE_DEBUG_INFO = NO;
				MTL_FAST_MATH = YES;
				SDKROOT = iphoneos;
				SWIFT_COMPILATION_MODE = wholemodule;
				SWIFT_OPTIMIZATION_LEVEL = "-O";
				VALIDATE_PRODUCT = YES;
			};
			name = Release;
		};
		11167F1624C46EE900EF6607 /* Debug */ = {
			isa = XCBuildConfiguration;
			buildSettings = {
				ASSETCATALOG_COMPILER_APPICON_NAME = AppIcon;
				CODE_SIGN_STYLE = Automatic;
				DEVELOPMENT_TEAM = MQG28G6TA5;
				INFOPLIST_FILE = Clima/Info.plist;
				LD_RUNPATH_SEARCH_PATHS = (
					"$(inherited)",
					"@executable_path/Frameworks",
				);
				PRODUCT_BUNDLE_IDENTIFIER = com.bannokot.Clima;
				PRODUCT_NAME = "$(TARGET_NAME)";
				SWIFT_VERSION = 5.0;
				TARGETED_DEVICE_FAMILY = "1,2";
			};
			name = Debug;
		};
		11167F1724C46EE900EF6607 /* Release */ = {
			isa = XCBuildConfiguration;
			buildSettings = {
				ASSETCATALOG_COMPILER_APPICON_NAME = AppIcon;
				CODE_SIGN_STYLE = Automatic;
				DEVELOPMENT_TEAM = MQG28G6TA5;
				INFOPLIST_FILE = Clima/Info.plist;
				LD_RUNPATH_SEARCH_PATHS = (
					"$(inherited)",
					"@executable_path/Frameworks",
				);
				PRODUCT_BUNDLE_IDENTIFIER = com.bannokot.Clima;
				PRODUCT_NAME = "$(TARGET_NAME)";
				SWIFT_VERSION = 5.0;
				TARGETED_DEVICE_FAMILY = "1,2";
			};
			name = Release;
		};
/* End XCBuildConfiguration section */

/* Begin XCConfigurationList section */
		11167EFC24C46EE900EF6607 /* Build configuration list for PBXProject "Clima" */ = {
			isa = XCConfigurationList;
			buildConfigurations = (
				11167F1324C46EE900EF6607 /* Debug */,
				11167F1424C46EE900EF6607 /* Release */,
			);
			defaultConfigurationIsVisible = 0;
			defaultConfigurationName = Release;
		};
		11167F1524C46EE900EF6607 /* Build configuration list for PBXNativeTarget "Clima" */ = {
			isa = XCConfigurationList;
			buildConfigurations = (
				11167F1624C46EE900EF6607 /* Debug */,
				11167F1724C46EE900EF6607 /* Release */,
			);
			defaultConfigurationIsVisible = 0;
			defaultConfigurationName = Release;
		};
/* End XCConfigurationList section */
	};
	rootObject = 11167EF924C46EE900EF6607 /* Project object */;
}
